
Microsoft Visual Studio Solution File, Format Version 12.00
# Visual Studio Version 16
VisualStudioVersion = 16.0.29613.14
MinimumVisualStudioVersion = 10.0.40219.1
Project("{FAE04EC0-301F-11D3-BF4B-00C04F79EFBC}") = "ex08", "ex08\ex08.csproj", "{C8B27F8D-7889-40A8-9343-B602242150D5}"
EndProject
Global
	GlobalSection(SolutionConfigurationPlatforms) = preSolution
		Debug|Any CPU = Debug|Any CPU
		Release|Any CPU = Release|Any CPU
	EndGlobalSection
	GlobalSection(ProjectConfigurationPlatforms) = postSolution
		{C8B27F8D-7889-40A8-9343-B602242150D5}.Debug|Any CPU.ActiveCfg = Debug|Any CPU
		{C8B27F8D-7889-40A8-9343-B602242150D5}.Debug|Any CPU.Build.0 = Debug|Any CPU
		{C8B27F8D-7889-40A8-9343-B602242150D5}.Release|Any CPU.ActiveCfg = Release|Any CPU
		{C8B27F8D-7889-40A8-9343-B602242150D5}.Release|Any CPU.Build.0 = Release|Any CPU
	EndGlobalSection
	GlobalSection(SolutionProperties) = preSolution
		HideSolutionNode = FALSE
	EndGlobalSection
	GlobalSection(ExtensibilityGlobals) = postSolution
		SolutionGuid = {5690A08D-0A04-498C-81BF-AA2592593436}
	EndGlobalSection
EndGlobal
