
Microsoft Visual Studio Solution File, Format Version 12.00
# Visual Studio Version 16
VisualStudioVersion = 16.0.29613.14
MinimumVisualStudioVersion = 10.0.40219.1
Project("{FAE04EC0-301F-11D3-BF4B-00C04F79EFBC}") = "ex6", "ex6\ex6.csproj", "{683F903C-66F0-4EC0-9154-229DF0664E97}"
EndProject
Global
	GlobalSection(SolutionConfigurationPlatforms) = preSolution
		Debug|Any CPU = Debug|Any CPU
		Release|Any CPU = Release|Any CPU
	EndGlobalSection
	GlobalSection(ProjectConfigurationPlatforms) = postSolution
		{683F903C-66F0-4EC0-9154-229DF0664E97}.Debug|Any CPU.ActiveCfg = Debug|Any CPU
		{683F903C-66F0-4EC0-9154-229DF0664E97}.Debug|Any CPU.Build.0 = Debug|Any CPU
		{683F903C-66F0-4EC0-9154-229DF0664E97}.Release|Any CPU.ActiveCfg = Release|Any CPU
		{683F903C-66F0-4EC0-9154-229DF0664E97}.Release|Any CPU.Build.0 = Release|Any CPU
	EndGlobalSection
	GlobalSection(SolutionProperties) = preSolution
		HideSolutionNode = FALSE
	EndGlobalSection
	GlobalSection(ExtensibilityGlobals) = postSolution
		SolutionGuid = {3F7BA190-FCEA-4322-A450-9E6D7894C2A4}
	EndGlobalSection
EndGlobal
